
Microsoft Visual Studio Solution File, Format Version 12.00
# Visual Studio Version 17
VisualStudioVersion = 17.6.33723.286
MinimumVisualStudioVersion = 10.0.40219.1
Project("{9A19103F-16F7-4668-BE54-9A1E7A4F7556}") = "EF_Core", "EF_Core\EF_Core.csproj", "{89F13EAB-2874-4C72-9217-8826E4F6C533}"
EndProject
Project("{9A19103F-16F7-4668-BE54-9A1E7A4F7556}") = "Lesson9", "Lesson9\Lesson9.csproj", "{742414FD-948F-4F1E-9371-E892A2853DA3}"
EndProject
Project("{9A19103F-16F7-4668-BE54-9A1E7A4F7556}") = "Lesson10", "Lesson10\Lesson10.csproj", "{F265D886-7B56-4811-BFD0-04B979B43BC1}"
EndProject
Project("{9A19103F-16F7-4668-BE54-9A1E7A4F7556}") = "lesson11", "lesson11\lesson11.csproj", "{881DA23B-48F8-469A-9491-43DC32C2FF68}"
EndProject
Project("{9A19103F-16F7-4668-BE54-9A1E7A4F7556}") = "lesson12", "lesson12\lesson12.csproj", "{E88DF1CE-CE1B-4650-A46C-2CDBF218A007}"
EndProject
Project("{9A19103F-16F7-4668-BE54-9A1E7A4F7556}") = "Queryingg", "lesson13\Queryingg.csproj", "{9A9B8A0A-FCAF-4CE8-976E-F71C34241D96}"
EndProject
Project("{9A19103F-16F7-4668-BE54-9A1E7A4F7556}") = "ChangeTracker", "ChangeTracker\ChangeTracker.csproj", "{FCB22DE1-051B-4FB0-B48F-EA0DEA92AE02}"
EndProject
Project("{9A19103F-16F7-4668-BE54-9A1E7A4F7556}") = "Tracking", "Tracking\Tracking.csproj", "{FD95A4A5-A560-40B4-90AE-320FD96AFABE}"
EndProject
Project("{FAE04EC0-301F-11D3-BF4B-00C04F79EFBC}") = "Relationships", "Relationships\Relationships.csproj", "{3C4DC9E2-3755-4024-8D71-3A73595F7C96}"
EndProject
Global
	GlobalSection(SolutionConfigurationPlatforms) = preSolution
		Debug|Any CPU = Debug|Any CPU
		Release|Any CPU = Release|Any CPU
	EndGlobalSection
	GlobalSection(ProjectConfigurationPlatforms) = postSolution
		{89F13EAB-2874-4C72-9217-8826E4F6C533}.Debug|Any CPU.ActiveCfg = Debug|Any CPU
		{89F13EAB-2874-4C72-9217-8826E4F6C533}.Debug|Any CPU.Build.0 = Debug|Any CPU
		{89F13EAB-2874-4C72-9217-8826E4F6C533}.Release|Any CPU.ActiveCfg = Release|Any CPU
		{89F13EAB-2874-4C72-9217-8826E4F6C533}.Release|Any CPU.Build.0 = Release|Any CPU
		{742414FD-948F-4F1E-9371-E892A2853DA3}.Debug|Any CPU.ActiveCfg = Debug|Any CPU
		{742414FD-948F-4F1E-9371-E892A2853DA3}.Debug|Any CPU.Build.0 = Debug|Any CPU
		{742414FD-948F-4F1E-9371-E892A2853DA3}.Release|Any CPU.ActiveCfg = Release|Any CPU
		{742414FD-948F-4F1E-9371-E892A2853DA3}.Release|Any CPU.Build.0 = Release|Any CPU
		{F265D886-7B56-4811-BFD0-04B979B43BC1}.Debug|Any CPU.ActiveCfg = Debug|Any CPU
		{F265D886-7B56-4811-BFD0-04B979B43BC1}.Debug|Any CPU.Build.0 = Debug|Any CPU
		{F265D886-7B56-4811-BFD0-04B979B43BC1}.Release|Any CPU.ActiveCfg = Release|Any CPU
		{F265D886-7B56-4811-BFD0-04B979B43BC1}.Release|Any CPU.Build.0 = Release|Any CPU
		{881DA23B-48F8-469A-9491-43DC32C2FF68}.Debug|Any CPU.ActiveCfg = Debug|Any CPU
		{881DA23B-48F8-469A-9491-43DC32C2FF68}.Debug|Any CPU.Build.0 = Debug|Any CPU
		{881DA23B-48F8-469A-9491-43DC32C2FF68}.Release|Any CPU.ActiveCfg = Release|Any CPU
		{881DA23B-48F8-469A-9491-43DC32C2FF68}.Release|Any CPU.Build.0 = Release|Any CPU
		{E88DF1CE-CE1B-4650-A46C-2CDBF218A007}.Debug|Any CPU.ActiveCfg = Debug|Any CPU
		{E88DF1CE-CE1B-4650-A46C-2CDBF218A007}.Debug|Any CPU.Build.0 = Debug|Any CPU
		{E88DF1CE-CE1B-4650-A46C-2CDBF218A007}.Release|Any CPU.ActiveCfg = Release|Any CPU
		{E88DF1CE-CE1B-4650-A46C-2CDBF218A007}.Release|Any CPU.Build.0 = Release|Any CPU
		{9A9B8A0A-FCAF-4CE8-976E-F71C34241D96}.Debug|Any CPU.ActiveCfg = Debug|Any CPU
		{9A9B8A0A-FCAF-4CE8-976E-F71C34241D96}.Debug|Any CPU.Build.0 = Debug|Any CPU
		{9A9B8A0A-FCAF-4CE8-976E-F71C34241D96}.Release|Any CPU.ActiveCfg = Release|Any CPU
		{9A9B8A0A-FCAF-4CE8-976E-F71C34241D96}.Release|Any CPU.Build.0 = Release|Any CPU
		{FCB22DE1-051B-4FB0-B48F-EA0DEA92AE02}.Debug|Any CPU.ActiveCfg = Debug|Any CPU
		{FCB22DE1-051B-4FB0-B48F-EA0DEA92AE02}.Debug|Any CPU.Build.0 = Debug|Any CPU
		{FCB22DE1-051B-4FB0-B48F-EA0DEA92AE02}.Release|Any CPU.ActiveCfg = Release|Any CPU
		{FCB22DE1-051B-4FB0-B48F-EA0DEA92AE02}.Release|Any CPU.Build.0 = Release|Any CPU
		{FD95A4A5-A560-40B4-90AE-320FD96AFABE}.Debug|Any CPU.ActiveCfg = Debug|Any CPU
		{FD95A4A5-A560-40B4-90AE-320FD96AFABE}.Debug|Any CPU.Build.0 = Debug|Any CPU
		{FD95A4A5-A560-40B4-90AE-320FD96AFABE}.Release|Any CPU.ActiveCfg = Release|Any CPU
		{FD95A4A5-A560-40B4-90AE-320FD96AFABE}.Release|Any CPU.Build.0 = Release|Any CPU
		{3C4DC9E2-3755-4024-8D71-3A73595F7C96}.Debug|Any CPU.ActiveCfg = Debug|Any CPU
		{3C4DC9E2-3755-4024-8D71-3A73595F7C96}.Debug|Any CPU.Build.0 = Debug|Any CPU
		{3C4DC9E2-3755-4024-8D71-3A73595F7C96}.Release|Any CPU.ActiveCfg = Release|Any CPU
		{3C4DC9E2-3755-4024-8D71-3A73595F7C96}.Release|Any CPU.Build.0 = Release|Any CPU
	EndGlobalSection
	GlobalSection(SolutionProperties) = preSolution
		HideSolutionNode = FALSE
	EndGlobalSection
	GlobalSection(ExtensibilityGlobals) = postSolution
		SolutionGuid = {0C0A074A-711A-4E05-8B83-992581F0F44F}
	EndGlobalSection
EndGlobal
